
Microsoft Visual Studio Solution File, Format Version 12.00
# Visual Studio Version 17
VisualStudioVersion = 17.11.35312.102
MinimumVisualStudioVersion = 10.0.40219.1
Project("{9A19103F-16F7-4668-BE54-9A1E7A4F7556}") = "BulkyWeb", "BulkyWeb\BulkyWeb.csproj", "{43C8C244-969D-4DB4-87A7-D45199A1CD92}"
EndProject
Project("{FAE04EC0-301F-11D3-BF4B-00C04F79EFBC}") = "BulkyWebRazor_Temp", "BulkyWebRazor_Temp\BulkyWebRazor_Temp.csproj", "{9D67B4E5-B9A9-4734-97CD-EAFD6AEC8169}"
EndProject
Global
	GlobalSection(SolutionConfigurationPlatforms) = preSolution
		Debug|Any CPU = Debug|Any CPU
		Release|Any CPU = Release|Any CPU
	EndGlobalSection
	GlobalSection(ProjectConfigurationPlatforms) = postSolution
		{43C8C244-969D-4DB4-87A7-D45199A1CD92}.Debug|Any CPU.ActiveCfg = Debug|Any CPU
		{43C8C244-969D-4DB4-87A7-D45199A1CD92}.Debug|Any CPU.Build.0 = Debug|Any CPU
		{43C8C244-969D-4DB4-87A7-D45199A1CD92}.Release|Any CPU.ActiveCfg = Release|Any CPU
		{43C8C244-969D-4DB4-87A7-D45199A1CD92}.Release|Any CPU.Build.0 = Release|Any CPU
		{9D67B4E5-B9A9-4734-97CD-EAFD6AEC8169}.Debug|Any CPU.ActiveCfg = Debug|Any CPU
		{9D67B4E5-B9A9-4734-97CD-EAFD6AEC8169}.Debug|Any CPU.Build.0 = Debug|Any CPU
		{9D67B4E5-B9A9-4734-97CD-EAFD6AEC8169}.Release|Any CPU.ActiveCfg = Release|Any CPU
		{9D67B4E5-B9A9-4734-97CD-EAFD6AEC8169}.Release|Any CPU.Build.0 = Release|Any CPU
	EndGlobalSection
	GlobalSection(SolutionProperties) = preSolution
		HideSolutionNode = FALSE
	EndGlobalSection
	GlobalSection(ExtensibilityGlobals) = postSolution
		SolutionGuid = {ED1CC5AB-B028-4147-8580-1E767C9EC123}
	EndGlobalSection
EndGlobal
